
Microsoft Visual Studio Solution File, Format Version 12.00
# Visual Studio Version 17
VisualStudioVersion = 17.0.31919.166
MinimumVisualStudioVersion = 10.0.40219.1
Project("{9A19103F-16F7-4668-BE54-9A1E7A4F7556}") = "Shooter", "Shooter.csproj", "{7198A9CB-7208-401F-8EF1-7EEEE881872C}"
EndProject
Project("{9A19103F-16F7-4668-BE54-9A1E7A4F7556}") = "Framework", "Framework\Framework.csproj", "{9B4E31FA-035E-4BF6-87F6-CD2D18F8CDFC}"
EndProject
Project("{9A19103F-16F7-4668-BE54-9A1E7A4F7556}") = "LiteNetLib", "Framework\Thirdparty\LiteNetLib\LiteNetLib.csproj", "{58F3449E-123F-4BAD-80B1-652A8DF28BF0}"
EndProject
Project("{9A19103F-16F7-4668-BE54-9A1E7A4F7556}") = "Rcon", "Framework\Thirdparty\Rcon\Rcon.csproj", "{F6F3F450-10A6-4A59-9A1E-1719FB0E85D7}"
EndProject
Project("{9A19103F-16F7-4668-BE54-9A1E7A4F7556}") = "Queue", "Framework\Thirdparty\PriorityQueue\Queue.csproj", "{AF4D433B-498F-4CA4-996A-A33BC452AADA}"
EndProject
Global
	GlobalSection(SolutionConfigurationPlatforms) = preSolution
		Debug|Any CPU = Debug|Any CPU
		ExportDebug|Any CPU = ExportDebug|Any CPU
		ExportRelease|Any CPU = ExportRelease|Any CPU
		Release 2.0|Any CPU = Release 2.0|Any CPU
		Release 4.5|Any CPU = Release 4.5|Any CPU
		Release|Any CPU = Release|Any CPU
	EndGlobalSection
	GlobalSection(ProjectConfigurationPlatforms) = postSolution
		{7198A9CB-7208-401F-8EF1-7EEEE881872C}.Debug|Any CPU.ActiveCfg = Debug|Any CPU
		{7198A9CB-7208-401F-8EF1-7EEEE881872C}.Debug|Any CPU.Build.0 = Debug|Any CPU
		{7198A9CB-7208-401F-8EF1-7EEEE881872C}.ExportDebug|Any CPU.ActiveCfg = ExportDebug|Any CPU
		{7198A9CB-7208-401F-8EF1-7EEEE881872C}.ExportDebug|Any CPU.Build.0 = ExportDebug|Any CPU
		{7198A9CB-7208-401F-8EF1-7EEEE881872C}.ExportRelease|Any CPU.ActiveCfg = ExportRelease|Any CPU
		{7198A9CB-7208-401F-8EF1-7EEEE881872C}.ExportRelease|Any CPU.Build.0 = ExportRelease|Any CPU
		{7198A9CB-7208-401F-8EF1-7EEEE881872C}.Release 2.0|Any CPU.ActiveCfg = ExportRelease|Any CPU
		{7198A9CB-7208-401F-8EF1-7EEEE881872C}.Release 2.0|Any CPU.Build.0 = ExportRelease|Any CPU
		{7198A9CB-7208-401F-8EF1-7EEEE881872C}.Release 4.5|Any CPU.ActiveCfg = ExportRelease|Any CPU
		{7198A9CB-7208-401F-8EF1-7EEEE881872C}.Release 4.5|Any CPU.Build.0 = ExportRelease|Any CPU
		{7198A9CB-7208-401F-8EF1-7EEEE881872C}.Release|Any CPU.ActiveCfg = ExportRelease|Any CPU
		{7198A9CB-7208-401F-8EF1-7EEEE881872C}.Release|Any CPU.Build.0 = ExportRelease|Any CPU
		{9B4E31FA-035E-4BF6-87F6-CD2D18F8CDFC}.Debug|Any CPU.ActiveCfg = Debug|Any CPU
		{9B4E31FA-035E-4BF6-87F6-CD2D18F8CDFC}.Debug|Any CPU.Build.0 = Debug|Any CPU
		{9B4E31FA-035E-4BF6-87F6-CD2D18F8CDFC}.ExportDebug|Any CPU.ActiveCfg = Debug|Any CPU
		{9B4E31FA-035E-4BF6-87F6-CD2D18F8CDFC}.ExportDebug|Any CPU.Build.0 = Debug|Any CPU
		{9B4E31FA-035E-4BF6-87F6-CD2D18F8CDFC}.ExportRelease|Any CPU.ActiveCfg = Release|Any CPU
		{9B4E31FA-035E-4BF6-87F6-CD2D18F8CDFC}.ExportRelease|Any CPU.Build.0 = Release|Any CPU
		{9B4E31FA-035E-4BF6-87F6-CD2D18F8CDFC}.Release 2.0|Any CPU.ActiveCfg = Release|Any CPU
		{9B4E31FA-035E-4BF6-87F6-CD2D18F8CDFC}.Release 2.0|Any CPU.Build.0 = Release|Any CPU
		{9B4E31FA-035E-4BF6-87F6-CD2D18F8CDFC}.Release 4.5|Any CPU.ActiveCfg = Release|Any CPU
		{9B4E31FA-035E-4BF6-87F6-CD2D18F8CDFC}.Release 4.5|Any CPU.Build.0 = Release|Any CPU
		{9B4E31FA-035E-4BF6-87F6-CD2D18F8CDFC}.Release|Any CPU.ActiveCfg = Release|Any CPU
		{9B4E31FA-035E-4BF6-87F6-CD2D18F8CDFC}.Release|Any CPU.Build.0 = Release|Any CPU
		{58F3449E-123F-4BAD-80B1-652A8DF28BF0}.Debug|Any CPU.ActiveCfg = Debug|Any CPU
		{58F3449E-123F-4BAD-80B1-652A8DF28BF0}.Debug|Any CPU.Build.0 = Debug|Any CPU
		{58F3449E-123F-4BAD-80B1-652A8DF28BF0}.ExportDebug|Any CPU.ActiveCfg = Debug|Any CPU
		{58F3449E-123F-4BAD-80B1-652A8DF28BF0}.ExportDebug|Any CPU.Build.0 = Debug|Any CPU
		{58F3449E-123F-4BAD-80B1-652A8DF28BF0}.ExportRelease|Any CPU.ActiveCfg = Release|Any CPU
		{58F3449E-123F-4BAD-80B1-652A8DF28BF0}.ExportRelease|Any CPU.Build.0 = Release|Any CPU
		{58F3449E-123F-4BAD-80B1-652A8DF28BF0}.Release 2.0|Any CPU.ActiveCfg = Release|Any CPU
		{58F3449E-123F-4BAD-80B1-652A8DF28BF0}.Release 2.0|Any CPU.Build.0 = Release|Any CPU
		{58F3449E-123F-4BAD-80B1-652A8DF28BF0}.Release 4.5|Any CPU.ActiveCfg = Release|Any CPU
		{58F3449E-123F-4BAD-80B1-652A8DF28BF0}.Release 4.5|Any CPU.Build.0 = Release|Any CPU
		{58F3449E-123F-4BAD-80B1-652A8DF28BF0}.Release|Any CPU.ActiveCfg = Release|Any CPU
		{58F3449E-123F-4BAD-80B1-652A8DF28BF0}.Release|Any CPU.Build.0 = Release|Any CPU
		{F6F3F450-10A6-4A59-9A1E-1719FB0E85D7}.Debug|Any CPU.ActiveCfg = Debug|Any CPU
		{F6F3F450-10A6-4A59-9A1E-1719FB0E85D7}.Debug|Any CPU.Build.0 = Debug|Any CPU
		{F6F3F450-10A6-4A59-9A1E-1719FB0E85D7}.ExportDebug|Any CPU.ActiveCfg = Debug|Any CPU
		{F6F3F450-10A6-4A59-9A1E-1719FB0E85D7}.ExportDebug|Any CPU.Build.0 = Debug|Any CPU
		{F6F3F450-10A6-4A59-9A1E-1719FB0E85D7}.ExportRelease|Any CPU.ActiveCfg = Release|Any CPU
		{F6F3F450-10A6-4A59-9A1E-1719FB0E85D7}.ExportRelease|Any CPU.Build.0 = Release|Any CPU
		{F6F3F450-10A6-4A59-9A1E-1719FB0E85D7}.Release 2.0|Any CPU.ActiveCfg = Release|Any CPU
		{F6F3F450-10A6-4A59-9A1E-1719FB0E85D7}.Release 2.0|Any CPU.Build.0 = Release|Any CPU
		{F6F3F450-10A6-4A59-9A1E-1719FB0E85D7}.Release 4.5|Any CPU.ActiveCfg = Release|Any CPU
		{F6F3F450-10A6-4A59-9A1E-1719FB0E85D7}.Release 4.5|Any CPU.Build.0 = Release|Any CPU
		{F6F3F450-10A6-4A59-9A1E-1719FB0E85D7}.Release|Any CPU.ActiveCfg = Release|Any CPU
		{F6F3F450-10A6-4A59-9A1E-1719FB0E85D7}.Release|Any CPU.Build.0 = Release|Any CPU
		{AF4D433B-498F-4CA4-996A-A33BC452AADA}.Debug|Any CPU.ActiveCfg = Debug|Any CPU
		{AF4D433B-498F-4CA4-996A-A33BC452AADA}.Debug|Any CPU.Build.0 = Debug|Any CPU
		{AF4D433B-498F-4CA4-996A-A33BC452AADA}.ExportDebug|Any CPU.ActiveCfg = Debug|Any CPU
		{AF4D433B-498F-4CA4-996A-A33BC452AADA}.ExportDebug|Any CPU.Build.0 = Debug|Any CPU
		{AF4D433B-498F-4CA4-996A-A33BC452AADA}.ExportRelease|Any CPU.ActiveCfg = Release|Any CPU
		{AF4D433B-498F-4CA4-996A-A33BC452AADA}.ExportRelease|Any CPU.Build.0 = Release|Any CPU
		{AF4D433B-498F-4CA4-996A-A33BC452AADA}.Release 2.0|Any CPU.ActiveCfg = Release|Any CPU
		{AF4D433B-498F-4CA4-996A-A33BC452AADA}.Release 2.0|Any CPU.Build.0 = Release|Any CPU
		{AF4D433B-498F-4CA4-996A-A33BC452AADA}.Release 4.5|Any CPU.ActiveCfg = Release|Any CPU
		{AF4D433B-498F-4CA4-996A-A33BC452AADA}.Release 4.5|Any CPU.Build.0 = Release|Any CPU
		{AF4D433B-498F-4CA4-996A-A33BC452AADA}.Release|Any CPU.ActiveCfg = Release|Any CPU
		{AF4D433B-498F-4CA4-996A-A33BC452AADA}.Release|Any CPU.Build.0 = Release|Any CPU
	EndGlobalSection
	GlobalSection(SolutionProperties) = preSolution
		HideSolutionNode = FALSE
	EndGlobalSection
	GlobalSection(ExtensibilityGlobals) = postSolution
		SolutionGuid = {4F28193B-9769-4994-9395-98F6FA522B31}
	EndGlobalSection
EndGlobal
